
Microsoft Visual Studio Solution File, Format Version 12.00
# Visual Studio Version 17
VisualStudioVersion = 17.1.32421.90
MinimumVisualStudioVersion = 10.0.40219.1
Project("{FAE04EC0-301F-11D3-BF4B-00C04F79EFBC}") = "dotnetcoreapi-vue-template", "dotnetcoreapi-vue-template\dotnetcoreapi-vue-template.csproj", "{1560E2CC-A130-4B8A-BDF9-7DF143CDEC7C}"
EndProject
Global
	GlobalSection(SolutionConfigurationPlatforms) = preSolution
		Debug|Any CPU = Debug|Any CPU
		Release|Any CPU = Release|Any CPU
	EndGlobalSection
	GlobalSection(ProjectConfigurationPlatforms) = postSolution
		{1560E2CC-A130-4B8A-BDF9-7DF143CDEC7C}.Debug|Any CPU.ActiveCfg = Debug|Any CPU
		{1560E2CC-A130-4B8A-BDF9-7DF143CDEC7C}.Debug|Any CPU.Build.0 = Debug|Any CPU
		{1560E2CC-A130-4B8A-BDF9-7DF143CDEC7C}.Release|Any CPU.ActiveCfg = Release|Any CPU
		{1560E2CC-A130-4B8A-BDF9-7DF143CDEC7C}.Release|Any CPU.Build.0 = Release|Any CPU
	EndGlobalSection
	GlobalSection(SolutionProperties) = preSolution
		HideSolutionNode = FALSE
	EndGlobalSection
	GlobalSection(ExtensibilityGlobals) = postSolution
		SolutionGuid = {7D478361-89B5-4813-8D37-59C7D817FB3C}
	EndGlobalSection
EndGlobal
